
Microsoft Visual Studio Solution File, Format Version 12.00
# Visual Studio Version 16
VisualStudioVersion = 16.0.29911.84
MinimumVisualStudioVersion = 10.0.40219.1
Project("{FAE04EC0-301F-11D3-BF4B-00C04F79EFBC}") = "RestarauntReservation", "RestarauntReservation\RestarauntReservation.csproj", "{DE9F7A0D-0AD2-4043-A430-FC1EC45681E7}"
EndProject
Global
	GlobalSection(SolutionConfigurationPlatforms) = preSolution
		Debug|Any CPU = Debug|Any CPU
		Release|Any CPU = Release|Any CPU
	EndGlobalSection
	GlobalSection(ProjectConfigurationPlatforms) = postSolution
		{DE9F7A0D-0AD2-4043-A430-FC1EC45681E7}.Debug|Any CPU.ActiveCfg = Debug|Any CPU
		{DE9F7A0D-0AD2-4043-A430-FC1EC45681E7}.Debug|Any CPU.Build.0 = Debug|Any CPU
		{DE9F7A0D-0AD2-4043-A430-FC1EC45681E7}.Release|Any CPU.ActiveCfg = Release|Any CPU
		{DE9F7A0D-0AD2-4043-A430-FC1EC45681E7}.Release|Any CPU.Build.0 = Release|Any CPU
	EndGlobalSection
	GlobalSection(SolutionProperties) = preSolution
		HideSolutionNode = FALSE
	EndGlobalSection
	GlobalSection(ExtensibilityGlobals) = postSolution
		SolutionGuid = {76CBB965-CAE4-4F13-BD49-D58BD86B11A9}
	EndGlobalSection
EndGlobal
